
Microsoft Visual Studio Solution File, Format Version 12.00
# Visual Studio Version 17
VisualStudioVersion = 17.1.32414.318
MinimumVisualStudioVersion = 10.0.40219.1
Project("{FAE04EC0-301F-11D3-BF4B-00C04F79EFBC}") = "WeatherApp", "WeatherApp\WeatherApp.csproj", "{F99F01F7-6F7C-441E-9A6F-B82C74940AD3}"
EndProject
Project("{00D1A9C2-B5F0-4AF3-8072-F6C62B433612}") = "WeatherDB", "WeatherDB\WeatherDB.sqlproj", "{773F5E5D-D066-49D9-9DB7-1A28074A7A42}"
EndProject
Project("{FAE04EC0-301F-11D3-BF4B-00C04F79EFBC}") = "DataLibrary", "DataLibrary\DataLibrary.csproj", "{E3585900-2EEC-47FE-92DB-07C8B6188FD9}"
EndProject
Project("{00D1A9C2-B5F0-4AF3-8072-F6C62B433612}") = "aspnet-WeatherApp-20220430042054", "aspnet-WeatherApp-20220430042054\aspnet-WeatherApp-20220430042054.sqlproj", "{860D2FA0-5EB4-4FB0-9D80-AD43F18669B2}"
EndProject
Global
	GlobalSection(SolutionConfigurationPlatforms) = preSolution
		Debug|Any CPU = Debug|Any CPU
		Release|Any CPU = Release|Any CPU
	EndGlobalSection
	GlobalSection(ProjectConfigurationPlatforms) = postSolution
		{F99F01F7-6F7C-441E-9A6F-B82C74940AD3}.Debug|Any CPU.ActiveCfg = Debug|Any CPU
		{F99F01F7-6F7C-441E-9A6F-B82C74940AD3}.Debug|Any CPU.Build.0 = Debug|Any CPU
		{F99F01F7-6F7C-441E-9A6F-B82C74940AD3}.Release|Any CPU.ActiveCfg = Release|Any CPU
		{F99F01F7-6F7C-441E-9A6F-B82C74940AD3}.Release|Any CPU.Build.0 = Release|Any CPU
		{773F5E5D-D066-49D9-9DB7-1A28074A7A42}.Debug|Any CPU.ActiveCfg = Debug|Any CPU
		{773F5E5D-D066-49D9-9DB7-1A28074A7A42}.Debug|Any CPU.Build.0 = Debug|Any CPU
		{773F5E5D-D066-49D9-9DB7-1A28074A7A42}.Debug|Any CPU.Deploy.0 = Debug|Any CPU
		{773F5E5D-D066-49D9-9DB7-1A28074A7A42}.Release|Any CPU.ActiveCfg = Release|Any CPU
		{773F5E5D-D066-49D9-9DB7-1A28074A7A42}.Release|Any CPU.Build.0 = Release|Any CPU
		{773F5E5D-D066-49D9-9DB7-1A28074A7A42}.Release|Any CPU.Deploy.0 = Release|Any CPU
		{E3585900-2EEC-47FE-92DB-07C8B6188FD9}.Debug|Any CPU.ActiveCfg = Debug|Any CPU
		{E3585900-2EEC-47FE-92DB-07C8B6188FD9}.Debug|Any CPU.Build.0 = Debug|Any CPU
		{E3585900-2EEC-47FE-92DB-07C8B6188FD9}.Release|Any CPU.ActiveCfg = Release|Any CPU
		{E3585900-2EEC-47FE-92DB-07C8B6188FD9}.Release|Any CPU.Build.0 = Release|Any CPU
		{860D2FA0-5EB4-4FB0-9D80-AD43F18669B2}.Debug|Any CPU.ActiveCfg = Debug|Any CPU
		{860D2FA0-5EB4-4FB0-9D80-AD43F18669B2}.Debug|Any CPU.Build.0 = Debug|Any CPU
		{860D2FA0-5EB4-4FB0-9D80-AD43F18669B2}.Debug|Any CPU.Deploy.0 = Debug|Any CPU
		{860D2FA0-5EB4-4FB0-9D80-AD43F18669B2}.Release|Any CPU.ActiveCfg = Release|Any CPU
		{860D2FA0-5EB4-4FB0-9D80-AD43F18669B2}.Release|Any CPU.Build.0 = Release|Any CPU
		{860D2FA0-5EB4-4FB0-9D80-AD43F18669B2}.Release|Any CPU.Deploy.0 = Release|Any CPU
	EndGlobalSection
	GlobalSection(SolutionProperties) = preSolution
		HideSolutionNode = FALSE
	EndGlobalSection
	GlobalSection(ExtensibilityGlobals) = postSolution
		SolutionGuid = {F4CDC9A4-D747-4AC2-8E97-E5A64694198A}
	EndGlobalSection
EndGlobal
