
Microsoft Visual Studio Solution File, Format Version 12.00
# Visual Studio Version 17
VisualStudioVersion = 17.1.32414.318
MinimumVisualStudioVersion = 10.0.40219.1
Project("{FAE04EC0-301F-11D3-BF4B-00C04F79EFBC}") = "WeatherApp", "WeatherApp\WeatherApp.csproj", "{F99F01F7-6F7C-441E-9A6F-B82C74940AD3}"
EndProject
Global
	GlobalSection(SolutionConfigurationPlatforms) = preSolution
		Debug|Any CPU = Debug|Any CPU
		Release|Any CPU = Release|Any CPU
	EndGlobalSection
	GlobalSection(ProjectConfigurationPlatforms) = postSolution
		{F99F01F7-6F7C-441E-9A6F-B82C74940AD3}.Debug|Any CPU.ActiveCfg = Debug|Any CPU
		{F99F01F7-6F7C-441E-9A6F-B82C74940AD3}.Debug|Any CPU.Build.0 = Debug|Any CPU
		{F99F01F7-6F7C-441E-9A6F-B82C74940AD3}.Release|Any CPU.ActiveCfg = Release|Any CPU
		{F99F01F7-6F7C-441E-9A6F-B82C74940AD3}.Release|Any CPU.Build.0 = Release|Any CPU
	EndGlobalSection
	GlobalSection(SolutionProperties) = preSolution
		HideSolutionNode = FALSE
	EndGlobalSection
	GlobalSection(ExtensibilityGlobals) = postSolution
		SolutionGuid = {F4CDC9A4-D747-4AC2-8E97-E5A64694198A}
	EndGlobalSection
EndGlobal
